
Microsoft Visual Studio Solution File, Format Version 12.00
# Visual Studio Version 17
VisualStudioVersion = 17.0.32014.148
MinimumVisualStudioVersion = 10.0.40219.1
Project("{FAE04EC0-301F-11D3-BF4B-00C04F79EFBC}") = "EnvyNoCarkill", "EnvyNoCarkill\EnvyNoCarkill.csproj", "{12F403E0-8BE4-4B4A-89B4-F46C5D25D882}"
EndProject
Global
	GlobalSection(SolutionConfigurationPlatforms) = preSolution
		Debug|Any CPU = Debug|Any CPU
		Release|Any CPU = Release|Any CPU
	EndGlobalSection
	GlobalSection(ProjectConfigurationPlatforms) = postSolution
		{12F403E0-8BE4-4B4A-89B4-F46C5D25D882}.Debug|Any CPU.ActiveCfg = Debug|Any CPU
		{12F403E0-8BE4-4B4A-89B4-F46C5D25D882}.Debug|Any CPU.Build.0 = Debug|Any CPU
		{12F403E0-8BE4-4B4A-89B4-F46C5D25D882}.Release|Any CPU.ActiveCfg = Release|Any CPU
		{12F403E0-8BE4-4B4A-89B4-F46C5D25D882}.Release|Any CPU.Build.0 = Release|Any CPU
	EndGlobalSection
	GlobalSection(SolutionProperties) = preSolution
		HideSolutionNode = FALSE
	EndGlobalSection
	GlobalSection(ExtensibilityGlobals) = postSolution
		SolutionGuid = {E73BDC60-672D-4C56-A8E1-BA0E94D249C8}
	EndGlobalSection
EndGlobal
